// !$*UTF8*$!
{
	archiveVersion = 1;
	classes = {
	};
	objectVersion = 56;
	objects = {

/* Begin PBXBuildFile section */
		221A09BD2B0C5C0E003BECC2 /* BackgroundAndMaterialsView.swift in Sources */ = {isa = PBXBuildFile; fileRef = 221A09BC2B0C5C0E003BECC2 /* BackgroundAndMaterialsView.swift */; };
		221A09BF2B0C81FD003BECC2 /* TextSelectionView.swift in Sources */ = {isa = PBXBuildFile; fileRef = 221A09BE2B0C81FD003BECC2 /* TextSelectionView.swift */; };
		221A09C12B0C84ED003BECC2 /* ButtonStyleView.swift in Sources */ = {isa = PBXBuildFile; fileRef = 221A09C02B0C84ED003BECC2 /* ButtonStyleView.swift */; };
		221A09C32B0EEC04003BECC2 /* ListSwipeActionsView.swift in Sources */ = {isa = PBXBuildFile; fileRef = 221A09C22B0EEC04003BECC2 /* ListSwipeActionsView.swift */; };
		221A09C52B0EF33A003BECC2 /* TabViewBadgesView.swift in Sources */ = {isa = PBXBuildFile; fileRef = 221A09C42B0EF33A003BECC2 /* TabViewBadgesView.swift */; };
		221A09C72B0EF3F2003BECC2 /* ListBadgesView.swift in Sources */ = {isa = PBXBuildFile; fileRef = 221A09C62B0EF3F2003BECC2 /* ListBadgesView.swift */; };
		221A09C92B0EFCDF003BECC2 /* FocusStateView.swift in Sources */ = {isa = PBXBuildFile; fileRef = 221A09C82B0EFCDF003BECC2 /* FocusStateView.swift */; };
		221A09CB2B0F16E4003BECC2 /* KeyBoardCustomSubmitButtonView.swift in Sources */ = {isa = PBXBuildFile; fileRef = 221A09CA2B0F16E4003BECC2 /* KeyBoardCustomSubmitButtonView.swift */; };
		221A09CD2B0F1C2F003BECC2 /* NavigationStackView.swift in Sources */ = {isa = PBXBuildFile; fileRef = 221A09CC2B0F1C2F003BECC2 /* NavigationStackView.swift */; };
		224DA65B2B1629BF003150BD /* GroupView.swift in Sources */ = {isa = PBXBuildFile; fileRef = 224DA65A2B1629BF003150BD /* GroupView.swift */; };
		224DA65D2B162AC8003150BD /* AnimationsiOS16.swift in Sources */ = {isa = PBXBuildFile; fileRef = 224DA65C2B162AC8003150BD /* AnimationsiOS16.swift */; };
		224DA65F2B16307F003150BD /* MenuView.swift in Sources */ = {isa = PBXBuildFile; fileRef = 224DA65E2B16307F003150BD /* MenuView.swift */; };
		224DA6612B1632B2003150BD /* NativePopoverView.swift in Sources */ = {isa = PBXBuildFile; fileRef = 224DA6602B1632B2003150BD /* NativePopoverView.swift */; };
		22701BEB2B0B0D45003A470D /* IntroView.swift in Sources */ = {isa = PBXBuildFile; fileRef = 22701BEA2B0B0D45003A470D /* IntroView.swift */; };
		22701BED2B0B0F46003A470D /* OnBoardingView.swift in Sources */ = {isa = PBXBuildFile; fileRef = 22701BEC2B0B0F46003A470D /* OnBoardingView.swift */; };
		22701BEF2B0B58B6003A470D /* ProfileView.swift in Sources */ = {isa = PBXBuildFile; fileRef = 22701BEE2B0B58B6003A470D /* ProfileView.swift */; };
		22708C192ACFC47D00CDF7C5 /* ContextMenuView.swift in Sources */ = {isa = PBXBuildFile; fileRef = 22708C182ACFC47D00CDF7C5 /* ContextMenuView.swift */; };
		22708C1B2ACFD5D300CDF7C5 /* TextFieldView.swift in Sources */ = {isa = PBXBuildFile; fileRef = 22708C1A2ACFD5D300CDF7C5 /* TextFieldView.swift */; };
		22708C1D2ACFDA9E00CDF7C5 /* TextEditorView.swift in Sources */ = {isa = PBXBuildFile; fileRef = 22708C1C2ACFDA9E00CDF7C5 /* TextEditorView.swift */; };
		22708C1F2ACFDE8A00CDF7C5 /* ToggleView.swift in Sources */ = {isa = PBXBuildFile; fileRef = 22708C1E2ACFDE8A00CDF7C5 /* ToggleView.swift */; };
		22708C212ACFE03600CDF7C5 /* PickerView.swift in Sources */ = {isa = PBXBuildFile; fileRef = 22708C202ACFE03600CDF7C5 /* PickerView.swift */; };
		229922DC2ACE73DF0073A2D6 /* SwiftUIBasicApp.swift in Sources */ = {isa = PBXBuildFile; fileRef = 229922DB2ACE73DF0073A2D6 /* SwiftUIBasicApp.swift */; };
		229922DE2ACE73DF0073A2D6 /* ContentView.swift in Sources */ = {isa = PBXBuildFile; fileRef = 229922DD2ACE73DF0073A2D6 /* ContentView.swift */; };
		229922E02ACE73E00073A2D6 /* Assets.xcassets in Resources */ = {isa = PBXBuildFile; fileRef = 229922DF2ACE73E00073A2D6 /* Assets.xcassets */; };
		229922E42ACE73E00073A2D6 /* Preview Assets.xcassets in Resources */ = {isa = PBXBuildFile; fileRef = 229922E32ACE73E00073A2D6 /* Preview Assets.xcassets */; };
		229922EB2ACE73EB0073A2D6 /* TextView.swift in Sources */ = {isa = PBXBuildFile; fileRef = 229922EA2ACE73EB0073A2D6 /* TextView.swift */; };
		229922ED2ACE7AF60073A2D6 /* ShapesView.swift in Sources */ = {isa = PBXBuildFile; fileRef = 229922EC2ACE7AF60073A2D6 /* ShapesView.swift */; };
		229922EF2ACE83DB0073A2D6 /* ColorsView.swift in Sources */ = {isa = PBXBuildFile; fileRef = 229922EE2ACE83DB0073A2D6 /* ColorsView.swift */; };
		229922F12ACE87510073A2D6 /* GradientsView.swift in Sources */ = {isa = PBXBuildFile; fileRef = 229922F02ACE87510073A2D6 /* GradientsView.swift */; };
		229922F32ACE8AC40073A2D6 /* IconsView.swift in Sources */ = {isa = PBXBuildFile; fileRef = 229922F22ACE8AC40073A2D6 /* IconsView.swift */; };
		229922F52ACE8D050073A2D6 /* ImagesView.swift in Sources */ = {isa = PBXBuildFile; fileRef = 229922F42ACE8D050073A2D6 /* ImagesView.swift */; };
		229922F72ACE90B80073A2D6 /* FrameView.swift in Sources */ = {isa = PBXBuildFile; fileRef = 229922F62ACE90B80073A2D6 /* FrameView.swift */; };
		229922F92ACE92AF0073A2D6 /* Background&OverlayView.swift in Sources */ = {isa = PBXBuildFile; fileRef = 229922F82ACE92AF0073A2D6 /* Background&OverlayView.swift */; };
		229922FB2ACE988A0073A2D6 /* StacksView.swift in Sources */ = {isa = PBXBuildFile; fileRef = 229922FA2ACE988A0073A2D6 /* StacksView.swift */; };
		229922FD2ACEA34A0073A2D6 /* PaddingView.swift in Sources */ = {isa = PBXBuildFile; fileRef = 229922FC2ACEA34A0073A2D6 /* PaddingView.swift */; };
		229922FF2ACEA8520073A2D6 /* SpacerView.swift in Sources */ = {isa = PBXBuildFile; fileRef = 229922FE2ACEA8520073A2D6 /* SpacerView.swift */; };
		229923012ACEABA50073A2D6 /* InitalizerView.swift in Sources */ = {isa = PBXBuildFile; fileRef = 229923002ACEABA50073A2D6 /* InitalizerView.swift */; };
		229923032ACEB04B0073A2D6 /* ForEachView.swift in Sources */ = {isa = PBXBuildFile; fileRef = 229923022ACEB04B0073A2D6 /* ForEachView.swift */; };
		229923052ACEB4AB0073A2D6 /* Scroll&LazyStacksView.swift in Sources */ = {isa = PBXBuildFile; fileRef = 229923042ACEB4AB0073A2D6 /* Scroll&LazyStacksView.swift */; };
		229923072ACEB8210073A2D6 /* LazyGridView.swift in Sources */ = {isa = PBXBuildFile; fileRef = 229923062ACEB8210073A2D6 /* LazyGridView.swift */; };
		229923092ACED9D50073A2D6 /* SafeAreaView.swift in Sources */ = {isa = PBXBuildFile; fileRef = 229923082ACED9D50073A2D6 /* SafeAreaView.swift */; };
		2299230B2ACEDDF60073A2D6 /* ButtonsView.swift in Sources */ = {isa = PBXBuildFile; fileRef = 2299230A2ACEDDF60073A2D6 /* ButtonsView.swift */; };
		2299230D2ACEE0900073A2D6 /* @StateView.swift in Sources */ = {isa = PBXBuildFile; fileRef = 2299230C2ACEE0900073A2D6 /* @StateView.swift */; };
		2299230F2ACEE3590073A2D6 /* ExtractFuncs&Views.swift in Sources */ = {isa = PBXBuildFile; fileRef = 2299230E2ACEE3590073A2D6 /* ExtractFuncs&Views.swift */; };
		229923112ACEE6000073A2D6 /* ExtractSubviews.swift in Sources */ = {isa = PBXBuildFile; fileRef = 229923102ACEE6000073A2D6 /* ExtractSubviews.swift */; };
		229923132ACEE8C60073A2D6 /* @BindingView.swift in Sources */ = {isa = PBXBuildFile; fileRef = 229923122ACEE8C60073A2D6 /* @BindingView.swift */; };
		229923152ACEE95F0073A2D6 /* ConditionalStatements.swift in Sources */ = {isa = PBXBuildFile; fileRef = 229923142ACEE95F0073A2D6 /* ConditionalStatements.swift */; };
		229923172ACEEBED0073A2D6 /* TernaryOperators.swift in Sources */ = {isa = PBXBuildFile; fileRef = 229923162ACEEBED0073A2D6 /* TernaryOperators.swift */; };
		229923192ACEEDA90073A2D6 /* AnimationsView.swift in Sources */ = {isa = PBXBuildFile; fileRef = 229923182ACEEDA90073A2D6 /* AnimationsView.swift */; };
		2299231B2ACEF0830073A2D6 /* AnimationTimingView.swift in Sources */ = {isa = PBXBuildFile; fileRef = 2299231A2ACEF0830073A2D6 /* AnimationTimingView.swift */; };
		2299231D2ACEF36F0073A2D6 /* TransitionsView.swift in Sources */ = {isa = PBXBuildFile; fileRef = 2299231C2ACEF36F0073A2D6 /* TransitionsView.swift */; };
		2299231F2ACEF71B0073A2D6 /* SheetsView.swift in Sources */ = {isa = PBXBuildFile; fileRef = 2299231E2ACEF71B0073A2D6 /* SheetsView.swift */; };
		229923212ACEFC930073A2D6 /* PopverView.swift in Sources */ = {isa = PBXBuildFile; fileRef = 229923202ACEFC930073A2D6 /* PopverView.swift */; };
		229923232ACF04E60073A2D6 /* NavigationView&Link.swift in Sources */ = {isa = PBXBuildFile; fileRef = 229923222ACF04E60073A2D6 /* NavigationView&Link.swift */; };
		229923252ACF0C900073A2D6 /* ListView.swift in Sources */ = {isa = PBXBuildFile; fileRef = 229923242ACF0C900073A2D6 /* ListView.swift */; };
		229923272ACF1C1E0073A2D6 /* AlertView.swift in Sources */ = {isa = PBXBuildFile; fileRef = 229923262ACF1C1E0073A2D6 /* AlertView.swift */; };
		229923292ACF1F920073A2D6 /* ActionSheetView.swift in Sources */ = {isa = PBXBuildFile; fileRef = 229923282ACF1F920073A2D6 /* ActionSheetView.swift */; };
		229DC7662B0C4D3800B5BA64 /* AsyncImageView.swift in Sources */ = {isa = PBXBuildFile; fileRef = 229DC7652B0C4D3800B5BA64 /* AsyncImageView.swift */; };
		22D57DB12AD0F42E00174A33 /* StepperView.swift in Sources */ = {isa = PBXBuildFile; fileRef = 22D57DB02AD0F42E00174A33 /* StepperView.swift */; };
		22D57DB32AD0F5CF00174A33 /* SliderView.swift in Sources */ = {isa = PBXBuildFile; fileRef = 22D57DB22AD0F5CF00174A33 /* SliderView.swift */; };
		22D57DB52AD0F90F00174A33 /* TabView$PageTabViewStyle.swift in Sources */ = {isa = PBXBuildFile; fileRef = 22D57DB42AD0F90F00174A33 /* TabView$PageTabViewStyle.swift */; };
		22D57DB92AD0FFFA00174A33 /* OnAppear&OnDisappear.swift in Sources */ = {isa = PBXBuildFile; fileRef = 22D57DB82AD0FFFA00174A33 /* OnAppear&OnDisappear.swift */; };
		22D57DBB2AD12B5800174A33 /* Iflet&Guard.swift in Sources */ = {isa = PBXBuildFile; fileRef = 22D57DBA2AD12B5800174A33 /* Iflet&Guard.swift */; };
		22D57DBD2AD130D000174A33 /* TabGesture.swift in Sources */ = {isa = PBXBuildFile; fileRef = 22D57DBC2AD130D000174A33 /* TabGesture.swift */; };
		22D57DC12AD1333200174A33 /* @StateObject&@ObservableObject&@EnviromentObject.swift in Sources */ = {isa = PBXBuildFile; fileRef = 22D57DC02AD1333200174A33 /* @StateObject&@ObservableObject&@EnviromentObject.swift */; };
		22D57DF22AD7FBC600174A33 /* @AppStorageView.swift in Sources */ = {isa = PBXBuildFile; fileRef = 22D57DF12AD7FBC600174A33 /* @AppStorageView.swift */; };
		22EA26062B1432EB00C696E7 /* NavigationToolBarView.swift in Sources */ = {isa = PBXBuildFile; fileRef = 22EA26052B1432EB00C696E7 /* NavigationToolBarView.swift */; };
		22EA26092B14444800C696E7 /* ResizeableSheetView.swift in Sources */ = {isa = PBXBuildFile; fileRef = 22EA26082B14444800C696E7 /* ResizeableSheetView.swift */; };
		22EA260B2B145E9B00C696E7 /* SafeAreaInsetsView.swift in Sources */ = {isa = PBXBuildFile; fileRef = 22EA260A2B145E9B00C696E7 /* SafeAreaInsetsView.swift */; };
		22F209E72B16DF19008167A4 /* AnyLayoutView.swift in Sources */ = {isa = PBXBuildFile; fileRef = 22F209E62B16DF19008167A4 /* AnyLayoutView.swift */; };
		22F209E92B16EF6B008167A4 /* ViewThatFitsView.swift in Sources */ = {isa = PBXBuildFile; fileRef = 22F209E82B16EF6B008167A4 /* ViewThatFitsView.swift */; };
/* End PBXBuildFile section */

/* Begin PBXFileReference section */
		221A09BC2B0C5C0E003BECC2 /* BackgroundAndMaterialsView.swift */ = {isa = PBXFileReference; lastKnownFileType = sourcecode.swift; path = BackgroundAndMaterialsView.swift; sourceTree = "<group>"; };
		221A09BE2B0C81FD003BECC2 /* TextSelectionView.swift */ = {isa = PBXFileReference; lastKnownFileType = sourcecode.swift; path = TextSelectionView.swift; sourceTree = "<group>"; };
		221A09C02B0C84ED003BECC2 /* ButtonStyleView.swift */ = {isa = PBXFileReference; lastKnownFileType = sourcecode.swift; path = ButtonStyleView.swift; sourceTree = "<group>"; };
		221A09C22B0EEC04003BECC2 /* ListSwipeActionsView.swift */ = {isa = PBXFileReference; lastKnownFileType = sourcecode.swift; path = ListSwipeActionsView.swift; sourceTree = "<group>"; };
		221A09C42B0EF33A003BECC2 /* TabViewBadgesView.swift */ = {isa = PBXFileReference; lastKnownFileType = sourcecode.swift; path = TabViewBadgesView.swift; sourceTree = "<group>"; };
		221A09C62B0EF3F2003BECC2 /* ListBadgesView.swift */ = {isa = PBXFileReference; lastKnownFileType = sourcecode.swift; path = ListBadgesView.swift; sourceTree = "<group>"; };
		221A09C82B0EFCDF003BECC2 /* FocusStateView.swift */ = {isa = PBXFileReference; lastKnownFileType = sourcecode.swift; path = FocusStateView.swift; sourceTree = "<group>"; };
		221A09CA2B0F16E4003BECC2 /* KeyBoardCustomSubmitButtonView.swift */ = {isa = PBXFileReference; lastKnownFileType = sourcecode.swift; path = KeyBoardCustomSubmitButtonView.swift; sourceTree = "<group>"; };
		221A09CC2B0F1C2F003BECC2 /* NavigationStackView.swift */ = {isa = PBXFileReference; lastKnownFileType = sourcecode.swift; path = NavigationStackView.swift; sourceTree = "<group>"; };
		224DA65A2B1629BF003150BD /* GroupView.swift */ = {isa = PBXFileReference; lastKnownFileType = sourcecode.swift; path = GroupView.swift; sourceTree = "<group>"; };
		224DA65C2B162AC8003150BD /* AnimationsiOS16.swift */ = {isa = PBXFileReference; lastKnownFileType = sourcecode.swift; path = AnimationsiOS16.swift; sourceTree = "<group>"; };
		224DA65E2B16307F003150BD /* MenuView.swift */ = {isa = PBXFileReference; lastKnownFileType = sourcecode.swift; path = MenuView.swift; sourceTree = "<group>"; };
		224DA6602B1632B2003150BD /* NativePopoverView.swift */ = {isa = PBXFileReference; lastKnownFileType = sourcecode.swift; path = NativePopoverView.swift; sourceTree = "<group>"; };
		22701BEA2B0B0D45003A470D /* IntroView.swift */ = {isa = PBXFileReference; lastKnownFileType = sourcecode.swift; path = IntroView.swift; sourceTree = "<group>"; };
		22701BEC2B0B0F46003A470D /* OnBoardingView.swift */ = {isa = PBXFileReference; lastKnownFileType = sourcecode.swift; path = OnBoardingView.swift; sourceTree = "<group>"; };
		22701BEE2B0B58B6003A470D /* ProfileView.swift */ = {isa = PBXFileReference; lastKnownFileType = sourcecode.swift; path = ProfileView.swift; sourceTree = "<group>"; };
		22708C182ACFC47D00CDF7C5 /* ContextMenuView.swift */ = {isa = PBXFileReference; lastKnownFileType = sourcecode.swift; path = ContextMenuView.swift; sourceTree = "<group>"; };
		22708C1A2ACFD5D300CDF7C5 /* TextFieldView.swift */ = {isa = PBXFileReference; lastKnownFileType = sourcecode.swift; path = TextFieldView.swift; sourceTree = "<group>"; };
		22708C1C2ACFDA9E00CDF7C5 /* TextEditorView.swift */ = {isa = PBXFileReference; lastKnownFileType = sourcecode.swift; path = TextEditorView.swift; sourceTree = "<group>"; };
		22708C1E2ACFDE8A00CDF7C5 /* ToggleView.swift */ = {isa = PBXFileReference; lastKnownFileType = sourcecode.swift; path = ToggleView.swift; sourceTree = "<group>"; };
		22708C202ACFE03600CDF7C5 /* PickerView.swift */ = {isa = PBXFileReference; lastKnownFileType = sourcecode.swift; path = PickerView.swift; sourceTree = "<group>"; };
		229922D82ACE73DF0073A2D6 /* SwiftUIBasic.app */ = {isa = PBXFileReference; explicitFileType = wrapper.application; includeInIndex = 0; path = SwiftUIBasic.app; sourceTree = BUILT_PRODUCTS_DIR; };
		229922DB2ACE73DF0073A2D6 /* SwiftUIBasicApp.swift */ = {isa = PBXFileReference; lastKnownFileType = sourcecode.swift; path = SwiftUIBasicApp.swift; sourceTree = "<group>"; };
		229922DD2ACE73DF0073A2D6 /* ContentView.swift */ = {isa = PBXFileReference; lastKnownFileType = sourcecode.swift; path = ContentView.swift; sourceTree = "<group>"; };
		229922DF2ACE73E00073A2D6 /* Assets.xcassets */ = {isa = PBXFileReference; lastKnownFileType = folder.assetcatalog; path = Assets.xcassets; sourceTree = "<group>"; };
		229922E12ACE73E00073A2D6 /* SwiftUIBasic.entitlements */ = {isa = PBXFileReference; lastKnownFileType = text.plist.entitlements; path = SwiftUIBasic.entitlements; sourceTree = "<group>"; };
		229922E32ACE73E00073A2D6 /* Preview Assets.xcassets */ = {isa = PBXFileReference; lastKnownFileType = folder.assetcatalog; path = "Preview Assets.xcassets"; sourceTree = "<group>"; };
		229922EA2ACE73EB0073A2D6 /* TextView.swift */ = {isa = PBXFileReference; lastKnownFileType = sourcecode.swift; path = TextView.swift; sourceTree = "<group>"; };
		229922EC2ACE7AF60073A2D6 /* ShapesView.swift */ = {isa = PBXFileReference; lastKnownFileType = sourcecode.swift; path = ShapesView.swift; sourceTree = "<group>"; };
		229922EE2ACE83DB0073A2D6 /* ColorsView.swift */ = {isa = PBXFileReference; lastKnownFileType = sourcecode.swift; path = ColorsView.swift; sourceTree = "<group>"; };
		229922F02ACE87510073A2D6 /* GradientsView.swift */ = {isa = PBXFileReference; lastKnownFileType = sourcecode.swift; path = GradientsView.swift; sourceTree = "<group>"; };
		229922F22ACE8AC40073A2D6 /* IconsView.swift */ = {isa = PBXFileReference; lastKnownFileType = sourcecode.swift; path = IconsView.swift; sourceTree = "<group>"; };
		229922F42ACE8D050073A2D6 /* ImagesView.swift */ = {isa = PBXFileReference; lastKnownFileType = sourcecode.swift; path = ImagesView.swift; sourceTree = "<group>"; };
		229922F62ACE90B80073A2D6 /* FrameView.swift */ = {isa = PBXFileReference; lastKnownFileType = sourcecode.swift; path = FrameView.swift; sourceTree = "<group>"; };
		229922F82ACE92AF0073A2D6 /* Background&OverlayView.swift */ = {isa = PBXFileReference; lastKnownFileType = sourcecode.swift; path = "Background&OverlayView.swift"; sourceTree = "<group>"; };
		229922FA2ACE988A0073A2D6 /* StacksView.swift */ = {isa = PBXFileReference; lastKnownFileType = sourcecode.swift; path = StacksView.swift; sourceTree = "<group>"; };
		229922FC2ACEA34A0073A2D6 /* PaddingView.swift */ = {isa = PBXFileReference; lastKnownFileType = sourcecode.swift; path = PaddingView.swift; sourceTree = "<group>"; };
		229922FE2ACEA8520073A2D6 /* SpacerView.swift */ = {isa = PBXFileReference; lastKnownFileType = sourcecode.swift; path = SpacerView.swift; sourceTree = "<group>"; };
		229923002ACEABA50073A2D6 /* InitalizerView.swift */ = {isa = PBXFileReference; lastKnownFileType = sourcecode.swift; path = InitalizerView.swift; sourceTree = "<group>"; };
		229923022ACEB04B0073A2D6 /* ForEachView.swift */ = {isa = PBXFileReference; lastKnownFileType = sourcecode.swift; path = ForEachView.swift; sourceTree = "<group>"; };
		229923042ACEB4AB0073A2D6 /* Scroll&LazyStacksView.swift */ = {isa = PBXFileReference; lastKnownFileType = sourcecode.swift; path = "Scroll&LazyStacksView.swift"; sourceTree = "<group>"; };
		229923062ACEB8210073A2D6 /* LazyGridView.swift */ = {isa = PBXFileReference; lastKnownFileType = sourcecode.swift; path = LazyGridView.swift; sourceTree = "<group>"; };
		229923082ACED9D50073A2D6 /* SafeAreaView.swift */ = {isa = PBXFileReference; lastKnownFileType = sourcecode.swift; path = SafeAreaView.swift; sourceTree = "<group>"; };
		2299230A2ACEDDF60073A2D6 /* ButtonsView.swift */ = {isa = PBXFileReference; lastKnownFileType = sourcecode.swift; path = ButtonsView.swift; sourceTree = "<group>"; };
		2299230C2ACEE0900073A2D6 /* @StateView.swift */ = {isa = PBXFileReference; lastKnownFileType = sourcecode.swift; path = "@StateView.swift"; sourceTree = "<group>"; };
		2299230E2ACEE3590073A2D6 /* ExtractFuncs&Views.swift */ = {isa = PBXFileReference; lastKnownFileType = sourcecode.swift; path = "ExtractFuncs&Views.swift"; sourceTree = "<group>"; };
		229923102ACEE6000073A2D6 /* ExtractSubviews.swift */ = {isa = PBXFileReference; lastKnownFileType = sourcecode.swift; path = ExtractSubviews.swift; sourceTree = "<group>"; };
		229923122ACEE8C60073A2D6 /* @BindingView.swift */ = {isa = PBXFileReference; lastKnownFileType = sourcecode.swift; path = "@BindingView.swift"; sourceTree = "<group>"; };
		229923142ACEE95F0073A2D6 /* ConditionalStatements.swift */ = {isa = PBXFileReference; lastKnownFileType = sourcecode.swift; path = ConditionalStatements.swift; sourceTree = "<group>"; };
		229923162ACEEBED0073A2D6 /* TernaryOperators.swift */ = {isa = PBXFileReference; lastKnownFileType = sourcecode.swift; path = TernaryOperators.swift; sourceTree = "<group>"; };
		229923182ACEEDA90073A2D6 /* AnimationsView.swift */ = {isa = PBXFileReference; lastKnownFileType = sourcecode.swift; path = AnimationsView.swift; sourceTree = "<group>"; };
		2299231A2ACEF0830073A2D6 /* AnimationTimingView.swift */ = {isa = PBXFileReference; lastKnownFileType = sourcecode.swift; path = AnimationTimingView.swift; sourceTree = "<group>"; };
		2299231C2ACEF36F0073A2D6 /* TransitionsView.swift */ = {isa = PBXFileReference; lastKnownFileType = sourcecode.swift; path = TransitionsView.swift; sourceTree = "<group>"; };
		2299231E2ACEF71B0073A2D6 /* SheetsView.swift */ = {isa = PBXFileReference; lastKnownFileType = sourcecode.swift; path = SheetsView.swift; sourceTree = "<group>"; };
		229923202ACEFC930073A2D6 /* PopverView.swift */ = {isa = PBXFileReference; lastKnownFileType = sourcecode.swift; path = PopverView.swift; sourceTree = "<group>"; };
		229923222ACF04E60073A2D6 /* NavigationView&Link.swift */ = {isa = PBXFileReference; lastKnownFileType = sourcecode.swift; path = "NavigationView&Link.swift"; sourceTree = "<group>"; };
		229923242ACF0C900073A2D6 /* ListView.swift */ = {isa = PBXFileReference; lastKnownFileType = sourcecode.swift; path = ListView.swift; sourceTree = "<group>"; };
		229923262ACF1C1E0073A2D6 /* AlertView.swift */ = {isa = PBXFileReference; lastKnownFileType = sourcecode.swift; path = AlertView.swift; sourceTree = "<group>"; };
		229923282ACF1F920073A2D6 /* ActionSheetView.swift */ = {isa = PBXFileReference; lastKnownFileType = sourcecode.swift; path = ActionSheetView.swift; sourceTree = "<group>"; };
		229DC7652B0C4D3800B5BA64 /* AsyncImageView.swift */ = {isa = PBXFileReference; lastKnownFileType = sourcecode.swift; path = AsyncImageView.swift; sourceTree = "<group>"; };
		22D57DB02AD0F42E00174A33 /* StepperView.swift */ = {isa = PBXFileReference; lastKnownFileType = sourcecode.swift; path = StepperView.swift; sourceTree = "<group>"; };
		22D57DB22AD0F5CF00174A33 /* SliderView.swift */ = {isa = PBXFileReference; lastKnownFileType = sourcecode.swift; path = SliderView.swift; sourceTree = "<group>"; };
		22D57DB42AD0F90F00174A33 /* TabView$PageTabViewStyle.swift */ = {isa = PBXFileReference; lastKnownFileType = sourcecode.swift; path = TabView$PageTabViewStyle.swift; sourceTree = "<group>"; };
		22D57DB82AD0FFFA00174A33 /* OnAppear&OnDisappear.swift */ = {isa = PBXFileReference; lastKnownFileType = sourcecode.swift; path = "OnAppear&OnDisappear.swift"; sourceTree = "<group>"; };
		22D57DBA2AD12B5800174A33 /* Iflet&Guard.swift */ = {isa = PBXFileReference; lastKnownFileType = sourcecode.swift; path = "Iflet&Guard.swift"; sourceTree = "<group>"; };
		22D57DBC2AD130D000174A33 /* TabGesture.swift */ = {isa = PBXFileReference; lastKnownFileType = sourcecode.swift; path = TabGesture.swift; sourceTree = "<group>"; };
		22D57DC02AD1333200174A33 /* @StateObject&@ObservableObject&@EnviromentObject.swift */ = {isa = PBXFileReference; lastKnownFileType = sourcecode.swift; path = "@StateObject&@ObservableObject&@EnviromentObject.swift"; sourceTree = "<group>"; };
		22D57DF12AD7FBC600174A33 /* @AppStorageView.swift */ = {isa = PBXFileReference; lastKnownFileType = sourcecode.swift; path = "@AppStorageView.swift"; sourceTree = "<group>"; };
		22EA26052B1432EB00C696E7 /* NavigationToolBarView.swift */ = {isa = PBXFileReference; lastKnownFileType = sourcecode.swift; path = NavigationToolBarView.swift; sourceTree = "<group>"; };
		22EA26082B14444800C696E7 /* ResizeableSheetView.swift */ = {isa = PBXFileReference; lastKnownFileType = sourcecode.swift; path = ResizeableSheetView.swift; sourceTree = "<group>"; };
		22EA260A2B145E9B00C696E7 /* SafeAreaInsetsView.swift */ = {isa = PBXFileReference; lastKnownFileType = sourcecode.swift; path = SafeAreaInsetsView.swift; sourceTree = "<group>"; };
		22F209E62B16DF19008167A4 /* AnyLayoutView.swift */ = {isa = PBXFileReference; lastKnownFileType = sourcecode.swift; path = AnyLayoutView.swift; sourceTree = "<group>"; };
		22F209E82B16EF6B008167A4 /* ViewThatFitsView.swift */ = {isa = PBXFileReference; lastKnownFileType = sourcecode.swift; path = ViewThatFitsView.swift; sourceTree = "<group>"; };
/* End PBXFileReference section */

/* Begin PBXFrameworksBuildPhase section */
		229922D52ACE73DF0073A2D6 /* Frameworks */ = {
			isa = PBXFrameworksBuildPhase;
			buildActionMask = 2147483647;
			files = (
			);
			runOnlyForDeploymentPostprocessing = 0;
		};
/* End PBXFrameworksBuildPhase section */

/* Begin PBXGroup section */
		22701BE92B0B0B9A003A470D /* OnboardingViews */ = {
			isa = PBXGroup;
			children = (
				22701BEA2B0B0D45003A470D /* IntroView.swift */,
				22701BEC2B0B0F46003A470D /* OnBoardingView.swift */,
				22701BEE2B0B58B6003A470D /* ProfileView.swift */,
			);
			path = OnboardingViews;
			sourceTree = "<group>";
		};
		229922CF2ACE73DF0073A2D6 = {
			isa = PBXGroup;
			children = (
				229922DA2ACE73DF0073A2D6 /* SwiftUIBasic */,
				229922D92ACE73DF0073A2D6 /* Products */,
			);
			sourceTree = "<group>";
		};
		229922D92ACE73DF0073A2D6 /* Products */ = {
			isa = PBXGroup;
			children = (
				229922D82ACE73DF0073A2D6 /* SwiftUIBasic.app */,
			);
			name = Products;
			sourceTree = "<group>";
		};
		229922DA2ACE73DF0073A2D6 /* SwiftUIBasic */ = {
			isa = PBXGroup;
			children = (
				229922E22ACE73E00073A2D6 /* Preview Content */,
				229922DF2ACE73E00073A2D6 /* Assets.xcassets */,
				229922E12ACE73E00073A2D6 /* SwiftUIBasic.entitlements */,
				229922DB2ACE73DF0073A2D6 /* SwiftUIBasicApp.swift */,
				229922DD2ACE73DF0073A2D6 /* ContentView.swift */,
				229922EA2ACE73EB0073A2D6 /* TextView.swift */,
				221A09BE2B0C81FD003BECC2 /* TextSelectionView.swift */,
				229922EC2ACE7AF60073A2D6 /* ShapesView.swift */,
				229922EE2ACE83DB0073A2D6 /* ColorsView.swift */,
				229922F02ACE87510073A2D6 /* GradientsView.swift */,
				229922F22ACE8AC40073A2D6 /* IconsView.swift */,
				229922F42ACE8D050073A2D6 /* ImagesView.swift */,
				229DC7652B0C4D3800B5BA64 /* AsyncImageView.swift */,
				229922F62ACE90B80073A2D6 /* FrameView.swift */,
				229922F82ACE92AF0073A2D6 /* Background&OverlayView.swift */,
				221A09BC2B0C5C0E003BECC2 /* BackgroundAndMaterialsView.swift */,
				229922FA2ACE988A0073A2D6 /* StacksView.swift */,
				22F209E62B16DF19008167A4 /* AnyLayoutView.swift */,
				22F209E82B16EF6B008167A4 /* ViewThatFitsView.swift */,
				229922FC2ACEA34A0073A2D6 /* PaddingView.swift */,
				229922FE2ACEA8520073A2D6 /* SpacerView.swift */,
				229923002ACEABA50073A2D6 /* InitalizerView.swift */,
				229923022ACEB04B0073A2D6 /* ForEachView.swift */,
				229923042ACEB4AB0073A2D6 /* Scroll&LazyStacksView.swift */,
				229923062ACEB8210073A2D6 /* LazyGridView.swift */,
				229923082ACED9D50073A2D6 /* SafeAreaView.swift */,
				22EA260A2B145E9B00C696E7 /* SafeAreaInsetsView.swift */,
				2299230A2ACEDDF60073A2D6 /* ButtonsView.swift */,
				221A09C02B0C84ED003BECC2 /* ButtonStyleView.swift */,
				2299230C2ACEE0900073A2D6 /* @StateView.swift */,
				2299230E2ACEE3590073A2D6 /* ExtractFuncs&Views.swift */,
				229923102ACEE6000073A2D6 /* ExtractSubviews.swift */,
				229923122ACEE8C60073A2D6 /* @BindingView.swift */,
				229923142ACEE95F0073A2D6 /* ConditionalStatements.swift */,
				229923162ACEEBED0073A2D6 /* TernaryOperators.swift */,
				229923182ACEEDA90073A2D6 /* AnimationsView.swift */,
				2299231A2ACEF0830073A2D6 /* AnimationTimingView.swift */,
				224DA65C2B162AC8003150BD /* AnimationsiOS16.swift */,
				2299231C2ACEF36F0073A2D6 /* TransitionsView.swift */,
				2299231E2ACEF71B0073A2D6 /* SheetsView.swift */,
				22EA26082B14444800C696E7 /* ResizeableSheetView.swift */,
				229923202ACEFC930073A2D6 /* PopverView.swift */,
				224DA6602B1632B2003150BD /* NativePopoverView.swift */,
				229923222ACF04E60073A2D6 /* NavigationView&Link.swift */,
				221A09CC2B0F1C2F003BECC2 /* NavigationStackView.swift */,
				22EA26052B1432EB00C696E7 /* NavigationToolBarView.swift */,
				229923242ACF0C900073A2D6 /* ListView.swift */,
				221A09C22B0EEC04003BECC2 /* ListSwipeActionsView.swift */,
				221A09C62B0EF3F2003BECC2 /* ListBadgesView.swift */,
				224DA65A2B1629BF003150BD /* GroupView.swift */,
				229923262ACF1C1E0073A2D6 /* AlertView.swift */,
				229923282ACF1F920073A2D6 /* ActionSheetView.swift */,
				22708C182ACFC47D00CDF7C5 /* ContextMenuView.swift */,
				224DA65E2B16307F003150BD /* MenuView.swift */,
				22708C1A2ACFD5D300CDF7C5 /* TextFieldView.swift */,
				22708C1C2ACFDA9E00CDF7C5 /* TextEditorView.swift */,
				221A09C82B0EFCDF003BECC2 /* FocusStateView.swift */,
				221A09CA2B0F16E4003BECC2 /* KeyBoardCustomSubmitButtonView.swift */,
				22708C1E2ACFDE8A00CDF7C5 /* ToggleView.swift */,
				22708C202ACFE03600CDF7C5 /* PickerView.swift */,
				22D57DB02AD0F42E00174A33 /* StepperView.swift */,
				22D57DB22AD0F5CF00174A33 /* SliderView.swift */,
				22D57DB42AD0F90F00174A33 /* TabView$PageTabViewStyle.swift */,
				221A09C42B0EF33A003BECC2 /* TabViewBadgesView.swift */,
				22D57DB82AD0FFFA00174A33 /* OnAppear&OnDisappear.swift */,
				22D57DBA2AD12B5800174A33 /* Iflet&Guard.swift */,
				22D57DBC2AD130D000174A33 /* TabGesture.swift */,
				22D57DC02AD1333200174A33 /* @StateObject&@ObservableObject&@EnviromentObject.swift */,
				22D57DF12AD7FBC600174A33 /* @AppStorageView.swift */,
				22701BE92B0B0B9A003A470D /* OnboardingViews */,
			);
			path = SwiftUIBasic;
			sourceTree = "<group>";
		};
		229922E22ACE73E00073A2D6 /* Preview Content */ = {
			isa = PBXGroup;
			children = (
				229922E32ACE73E00073A2D6 /* Preview Assets.xcassets */,
			);
			path = "Preview Content";
			sourceTree = "<group>";
		};
/* End PBXGroup section */

/* Begin PBXNativeTarget section */
		229922D72ACE73DF0073A2D6 /* SwiftUIBasic */ = {
			isa = PBXNativeTarget;
			buildConfigurationList = 229922E72ACE73E00073A2D6 /* Build configuration list for PBXNativeTarget "SwiftUIBasic" */;
			buildPhases = (
				229922D42ACE73DF0073A2D6 /* Sources */,
				229922D52ACE73DF0073A2D6 /* Frameworks */,
				229922D62ACE73DF0073A2D6 /* Resources */,
			);
			buildRules = (
			);
			dependencies = (
			);
			name = SwiftUIBasic;
			productName = SwiftUIBasic;
			productReference = 229922D82ACE73DF0073A2D6 /* SwiftUIBasic.app */;
			productType = "com.apple.product-type.application";
		};
/* End PBXNativeTarget section */

/* Begin PBXProject section */
		229922D02ACE73DF0073A2D6 /* Project object */ = {
			isa = PBXProject;
			attributes = {
				BuildIndependentTargetsInParallel = 1;
				LastSwiftUpdateCheck = 1500;
				LastUpgradeCheck = 1500;
				TargetAttributes = {
					229922D72ACE73DF0073A2D6 = {
						CreatedOnToolsVersion = 15.0;
					};
				};
			};
			buildConfigurationList = 229922D32ACE73DF0073A2D6 /* Build configuration list for PBXProject "SwiftUIBasic" */;
			compatibilityVersion = "Xcode 14.0";
			developmentRegion = en;
			hasScannedForEncodings = 0;
			knownRegions = (
				en,
				Base,
			);
			mainGroup = 229922CF2ACE73DF0073A2D6;
			productRefGroup = 229922D92ACE73DF0073A2D6 /* Products */;
			projectDirPath = "";
			projectRoot = "";
			targets = (
				229922D72ACE73DF0073A2D6 /* SwiftUIBasic */,
			);
		};
/* End PBXProject section */

/* Begin PBXResourcesBuildPhase section */
		229922D62ACE73DF0073A2D6 /* Resources */ = {
			isa = PBXResourcesBuildPhase;
			buildActionMask = 2147483647;
			files = (
				229922E42ACE73E00073A2D6 /* Preview Assets.xcassets in Resources */,
				229922E02ACE73E00073A2D6 /* Assets.xcassets in Resources */,
			);
			runOnlyForDeploymentPostprocessing = 0;
		};
/* End PBXResourcesBuildPhase section */

/* Begin PBXSourcesBuildPhase section */
		229922D42ACE73DF0073A2D6 /* Sources */ = {
			isa = PBXSourcesBuildPhase;
			buildActionMask = 2147483647;
			files = (
				229923252ACF0C900073A2D6 /* ListView.swift in Sources */,
				229922FF2ACEA8520073A2D6 /* SpacerView.swift in Sources */,
				22701BED2B0B0F46003A470D /* OnBoardingView.swift in Sources */,
				229923132ACEE8C60073A2D6 /* @BindingView.swift in Sources */,
				22708C192ACFC47D00CDF7C5 /* ContextMenuView.swift in Sources */,
				229922F32ACE8AC40073A2D6 /* IconsView.swift in Sources */,
				22D57DBB2AD12B5800174A33 /* Iflet&Guard.swift in Sources */,
				22F209E72B16DF19008167A4 /* AnyLayoutView.swift in Sources */,
				224DA65F2B16307F003150BD /* MenuView.swift in Sources */,
				221A09C32B0EEC04003BECC2 /* ListSwipeActionsView.swift in Sources */,
				229922DE2ACE73DF0073A2D6 /* ContentView.swift in Sources */,
				229923212ACEFC930073A2D6 /* PopverView.swift in Sources */,
				221A09BF2B0C81FD003BECC2 /* TextSelectionView.swift in Sources */,
				22D57DBD2AD130D000174A33 /* TabGesture.swift in Sources */,
				2299230D2ACEE0900073A2D6 /* @StateView.swift in Sources */,
				221A09CD2B0F1C2F003BECC2 /* NavigationStackView.swift in Sources */,
				229922FD2ACEA34A0073A2D6 /* PaddingView.swift in Sources */,
				221A09CB2B0F16E4003BECC2 /* KeyBoardCustomSubmitButtonView.swift in Sources */,
				229922EF2ACE83DB0073A2D6 /* ColorsView.swift in Sources */,
				2299231B2ACEF0830073A2D6 /* AnimationTimingView.swift in Sources */,
				224DA65B2B1629BF003150BD /* GroupView.swift in Sources */,
				221A09BD2B0C5C0E003BECC2 /* BackgroundAndMaterialsView.swift in Sources */,
				22D57DC12AD1333200174A33 /* @StateObject&@ObservableObject&@EnviromentObject.swift in Sources */,
				229923052ACEB4AB0073A2D6 /* Scroll&LazyStacksView.swift in Sources */,
				229922F72ACE90B80073A2D6 /* FrameView.swift in Sources */,
				22EA26062B1432EB00C696E7 /* NavigationToolBarView.swift in Sources */,
				229923032ACEB04B0073A2D6 /* ForEachView.swift in Sources */,
				22F209E92B16EF6B008167A4 /* ViewThatFitsView.swift in Sources */,
				221A09C92B0EFCDF003BECC2 /* FocusStateView.swift in Sources */,
				22701BEB2B0B0D45003A470D /* IntroView.swift in Sources */,
				229922F92ACE92AF0073A2D6 /* Background&OverlayView.swift in Sources */,
				229923272ACF1C1E0073A2D6 /* AlertView.swift in Sources */,
				229922EB2ACE73EB0073A2D6 /* TextView.swift in Sources */,
				229923112ACEE6000073A2D6 /* ExtractSubviews.swift in Sources */,
				22708C1F2ACFDE8A00CDF7C5 /* ToggleView.swift in Sources */,
				229922ED2ACE7AF60073A2D6 /* ShapesView.swift in Sources */,
				229923012ACEABA50073A2D6 /* InitalizerView.swift in Sources */,
				229923072ACEB8210073A2D6 /* LazyGridView.swift in Sources */,
				229922FB2ACE988A0073A2D6 /* StacksView.swift in Sources */,
				22EA260B2B145E9B00C696E7 /* SafeAreaInsetsView.swift in Sources */,
				22D57DB92AD0FFFA00174A33 /* OnAppear&OnDisappear.swift in Sources */,
				2299231D2ACEF36F0073A2D6 /* TransitionsView.swift in Sources */,
				22708C1D2ACFDA9E00CDF7C5 /* TextEditorView.swift in Sources */,
				229923292ACF1F920073A2D6 /* ActionSheetView.swift in Sources */,
				22701BEF2B0B58B6003A470D /* ProfileView.swift in Sources */,
				22D57DB12AD0F42E00174A33 /* StepperView.swift in Sources */,
				221A09C12B0C84ED003BECC2 /* ButtonStyleView.swift in Sources */,
				229922F52ACE8D050073A2D6 /* ImagesView.swift in Sources */,
				229923152ACEE95F0073A2D6 /* ConditionalStatements.swift in Sources */,
				22708C1B2ACFD5D300CDF7C5 /* TextFieldView.swift in Sources */,
				229DC7662B0C4D3800B5BA64 /* AsyncImageView.swift in Sources */,
				221A09C72B0EF3F2003BECC2 /* ListBadgesView.swift in Sources */,
				229923172ACEEBED0073A2D6 /* TernaryOperators.swift in Sources */,
				229922DC2ACE73DF0073A2D6 /* SwiftUIBasicApp.swift in Sources */,
				229923192ACEEDA90073A2D6 /* AnimationsView.swift in Sources */,
				229923092ACED9D50073A2D6 /* SafeAreaView.swift in Sources */,
				224DA65D2B162AC8003150BD /* AnimationsiOS16.swift in Sources */,
				229922F12ACE87510073A2D6 /* GradientsView.swift in Sources */,
				22D57DB52AD0F90F00174A33 /* TabView$PageTabViewStyle.swift in Sources */,
				2299231F2ACEF71B0073A2D6 /* SheetsView.swift in Sources */,
				2299230B2ACEDDF60073A2D6 /* ButtonsView.swift in Sources */,
				229923232ACF04E60073A2D6 /* NavigationView&Link.swift in Sources */,
				2299230F2ACEE3590073A2D6 /* ExtractFuncs&Views.swift in Sources */,
				224DA6612B1632B2003150BD /* NativePopoverView.swift in Sources */,
				221A09C52B0EF33A003BECC2 /* TabViewBadgesView.swift in Sources */,
				22EA26092B14444800C696E7 /* ResizeableSheetView.swift in Sources */,
				22D57DF22AD7FBC600174A33 /* @AppStorageView.swift in Sources */,
				22D57DB32AD0F5CF00174A33 /* SliderView.swift in Sources */,
				22708C212ACFE03600CDF7C5 /* PickerView.swift in Sources */,
			);
			runOnlyForDeploymentPostprocessing = 0;
		};
/* End PBXSourcesBuildPhase section */

/* Begin XCBuildConfiguration section */
		229922E52ACE73E00073A2D6 /* Debug */ = {
			isa = XCBuildConfiguration;
			buildSettings = {
				ALWAYS_SEARCH_USER_PATHS = NO;
				ASSETCATALOG_COMPILER_GENERATE_SWIFT_ASSET_SYMBOL_EXTENSIONS = YES;
				CLANG_ANALYZER_NONNULL = YES;
				CLANG_ANALYZER_NUMBER_OBJECT_CONVERSION = YES_AGGRESSIVE;
				CLANG_CXX_LANGUAGE_STANDARD = "gnu++20";
				CLANG_ENABLE_MODULES = YES;
				CLANG_ENABLE_OBJC_ARC = YES;
				CLANG_ENABLE_OBJC_WEAK = YES;
				CLANG_WARN_BLOCK_CAPTURE_AUTORELEASING = YES;
				CLANG_WARN_BOOL_CONVERSION = YES;
				CLANG_WARN_COMMA = YES;
				CLANG_WARN_CONSTANT_CONVERSION = YES;
				CLANG_WARN_DEPRECATED_OBJC_IMPLEMENTATIONS = YES;
				CLANG_WARN_DIRECT_OBJC_ISA_USAGE = YES_ERROR;
				CLANG_WARN_DOCUMENTATION_COMMENTS = YES;
				CLANG_WARN_EMPTY_BODY = YES;
				CLANG_WARN_ENUM_CONVERSION = YES;
				CLANG_WARN_INFINITE_RECURSION = YES;
				CLANG_WARN_INT_CONVERSION = YES;
				CLANG_WARN_NON_LITERAL_NULL_CONVERSION = YES;
				CLANG_WARN_OBJC_IMPLICIT_RETAIN_SELF = YES;
				CLANG_WARN_OBJC_LITERAL_CONVERSION = YES;
				CLANG_WARN_OBJC_ROOT_CLASS = YES_ERROR;
				CLANG_WARN_QUOTED_INCLUDE_IN_FRAMEWORK_HEADER = YES;
				CLANG_WARN_RANGE_LOOP_ANALYSIS = YES;
				CLANG_WARN_STRICT_PROTOTYPES = YES;
				CLANG_WARN_SUSPICIOUS_MOVE = YES;
				CLANG_WARN_UNGUARDED_AVAILABILITY = YES_AGGRESSIVE;
				CLANG_WARN_UNREACHABLE_CODE = YES;
				CLANG_WARN__DUPLICATE_METHOD_MATCH = YES;
				COPY_PHASE_STRIP = NO;
				DEBUG_INFORMATION_FORMAT = dwarf;
				ENABLE_STRICT_OBJC_MSGSEND = YES;
				ENABLE_TESTABILITY = YES;
				ENABLE_USER_SCRIPT_SANDBOXING = YES;
				GCC_C_LANGUAGE_STANDARD = gnu17;
				GCC_DYNAMIC_NO_PIC = NO;
				GCC_NO_COMMON_BLOCKS = YES;
				GCC_OPTIMIZATION_LEVEL = 0;
				GCC_PREPROCESSOR_DEFINITIONS = (
					"DEBUG=1",
					"$(inherited)",
				);
				GCC_WARN_64_TO_32_BIT_CONVERSION = YES;
				GCC_WARN_ABOUT_RETURN_TYPE = YES_ERROR;
				GCC_WARN_UNDECLARED_SELECTOR = YES;
				GCC_WARN_UNINITIALIZED_AUTOS = YES_AGGRESSIVE;
				GCC_WARN_UNUSED_FUNCTION = YES;
				GCC_WARN_UNUSED_VARIABLE = YES;
				LOCALIZATION_PREFERS_STRING_CATALOGS = YES;
				MTL_ENABLE_DEBUG_INFO = INCLUDE_SOURCE;
				MTL_FAST_MATH = YES;
				ONLY_ACTIVE_ARCH = YES;
				SWIFT_ACTIVE_COMPILATION_CONDITIONS = "DEBUG $(inherited)";
				SWIFT_OPTIMIZATION_LEVEL = "-Onone";
			};
			name = Debug;
		};
		229922E62ACE73E00073A2D6 /* Release */ = {
			isa = XCBuildConfiguration;
			buildSettings = {
				ALWAYS_SEARCH_USER_PATHS = NO;
				ASSETCATALOG_COMPILER_GENERATE_SWIFT_ASSET_SYMBOL_EXTENSIONS = YES;
				CLANG_ANALYZER_NONNULL = YES;
				CLANG_ANALYZER_NUMBER_OBJECT_CONVERSION = YES_AGGRESSIVE;
				CLANG_CXX_LANGUAGE_STANDARD = "gnu++20";
				CLANG_ENABLE_MODULES = YES;
				CLANG_ENABLE_OBJC_ARC = YES;
				CLANG_ENABLE_OBJC_WEAK = YES;
				CLANG_WARN_BLOCK_CAPTURE_AUTORELEASING = YES;
				CLANG_WARN_BOOL_CONVERSION = YES;
				CLANG_WARN_COMMA = YES;
				CLANG_WARN_CONSTANT_CONVERSION = YES;
				CLANG_WARN_DEPRECATED_OBJC_IMPLEMENTATIONS = YES;
				CLANG_WARN_DIRECT_OBJC_ISA_USAGE = YES_ERROR;
				CLANG_WARN_DOCUMENTATION_COMMENTS = YES;
				CLANG_WARN_EMPTY_BODY = YES;
				CLANG_WARN_ENUM_CONVERSION = YES;
				CLANG_WARN_INFINITE_RECURSION = YES;
				CLANG_WARN_INT_CONVERSION = YES;
				CLANG_WARN_NON_LITERAL_NULL_CONVERSION = YES;
				CLANG_WARN_OBJC_IMPLICIT_RETAIN_SELF = YES;
				CLANG_WARN_OBJC_LITERAL_CONVERSION = YES;
				CLANG_WARN_OBJC_ROOT_CLASS = YES_ERROR;
				CLANG_WARN_QUOTED_INCLUDE_IN_FRAMEWORK_HEADER = YES;
				CLANG_WARN_RANGE_LOOP_ANALYSIS = YES;
				CLANG_WARN_STRICT_PROTOTYPES = YES;
				CLANG_WARN_SUSPICIOUS_MOVE = YES;
				CLANG_WARN_UNGUARDED_AVAILABILITY = YES_AGGRESSIVE;
				CLANG_WARN_UNREACHABLE_CODE = YES;
				CLANG_WARN__DUPLICATE_METHOD_MATCH = YES;
				COPY_PHASE_STRIP = NO;
				DEBUG_INFORMATION_FORMAT = "dwarf-with-dsym";
				ENABLE_NS_ASSERTIONS = NO;
				ENABLE_STRICT_OBJC_MSGSEND = YES;
				ENABLE_USER_SCRIPT_SANDBOXING = YES;
				GCC_C_LANGUAGE_STANDARD = gnu17;
				GCC_NO_COMMON_BLOCKS = YES;
				GCC_WARN_64_TO_32_BIT_CONVERSION = YES;
				GCC_WARN_ABOUT_RETURN_TYPE = YES_ERROR;
				GCC_WARN_UNDECLARED_SELECTOR = YES;
				GCC_WARN_UNINITIALIZED_AUTOS = YES_AGGRESSIVE;
				GCC_WARN_UNUSED_FUNCTION = YES;
				GCC_WARN_UNUSED_VARIABLE = YES;
				LOCALIZATION_PREFERS_STRING_CATALOGS = YES;
				MTL_ENABLE_DEBUG_INFO = NO;
				MTL_FAST_MATH = YES;
				SWIFT_COMPILATION_MODE = wholemodule;
			};
			name = Release;
		};
		229922E82ACE73E00073A2D6 /* Debug */ = {
			isa = XCBuildConfiguration;
			buildSettings = {
				ASSETCATALOG_COMPILER_APPICON_NAME = AppIcon;
				ASSETCATALOG_COMPILER_GLOBAL_ACCENT_COLOR_NAME = AccentColor;
				CODE_SIGN_ENTITLEMENTS = SwiftUIBasic/SwiftUIBasic.entitlements;
				CODE_SIGN_STYLE = Automatic;
				CURRENT_PROJECT_VERSION = 1;
				DEVELOPMENT_ASSET_PATHS = "\"SwiftUIBasic/Preview Content\"";
				DEVELOPMENT_TEAM = 4WHFXL7NYC;
				ENABLE_HARDENED_RUNTIME = YES;
				ENABLE_PREVIEWS = YES;
				GENERATE_INFOPLIST_FILE = YES;
				"INFOPLIST_KEY_UIApplicationSceneManifest_Generation[sdk=iphoneos*]" = YES;
				"INFOPLIST_KEY_UIApplicationSceneManifest_Generation[sdk=iphonesimulator*]" = YES;
				"INFOPLIST_KEY_UIApplicationSupportsIndirectInputEvents[sdk=iphoneos*]" = YES;
				"INFOPLIST_KEY_UIApplicationSupportsIndirectInputEvents[sdk=iphonesimulator*]" = YES;
				"INFOPLIST_KEY_UILaunchScreen_Generation[sdk=iphoneos*]" = YES;
				"INFOPLIST_KEY_UILaunchScreen_Generation[sdk=iphonesimulator*]" = YES;
				"INFOPLIST_KEY_UIStatusBarStyle[sdk=iphoneos*]" = UIStatusBarStyleDefault;
				"INFOPLIST_KEY_UIStatusBarStyle[sdk=iphonesimulator*]" = UIStatusBarStyleDefault;
				INFOPLIST_KEY_UISupportedInterfaceOrientations_iPad = "UIInterfaceOrientationLandscapeLeft UIInterfaceOrientationLandscapeRight UIInterfaceOrientationPortrait UIInterfaceOrientationPortraitUpsideDown";
				IPHONEOS_DEPLOYMENT_TARGET = 17.0;
				LD_RUNPATH_SEARCH_PATHS = "@executable_path/Frameworks";
				"LD_RUNPATH_SEARCH_PATHS[sdk=macosx*]" = "@executable_path/../Frameworks";
				MACOSX_DEPLOYMENT_TARGET = 14.0;
				MARKETING_VERSION = 1.0;
				PRODUCT_BUNDLE_IDENTIFIER = site.qiuyingjian.SwiftUIBasic;
				PRODUCT_NAME = "$(TARGET_NAME)";
				SDKROOT = auto;
				SUPPORTED_PLATFORMS = "iphoneos iphonesimulator";
				SUPPORTS_MACCATALYST = NO;
				SWIFT_EMIT_LOC_STRINGS = YES;
				SWIFT_VERSION = 5.0;
				TARGETED_DEVICE_FAMILY = 1;
			};
			name = Debug;
		};
		229922E92ACE73E00073A2D6 /* Release */ = {
			isa = XCBuildConfiguration;
			buildSettings = {
				ASSETCATALOG_COMPILER_APPICON_NAME = AppIcon;
				ASSETCATALOG_COMPILER_GLOBAL_ACCENT_COLOR_NAME = AccentColor;
				CODE_SIGN_ENTITLEMENTS = SwiftUIBasic/SwiftUIBasic.entitlements;
				CODE_SIGN_STYLE = Automatic;
				CURRENT_PROJECT_VERSION = 1;
				DEVELOPMENT_ASSET_PATHS = "\"SwiftUIBasic/Preview Content\"";
				DEVELOPMENT_TEAM = 4WHFXL7NYC;
				ENABLE_HARDENED_RUNTIME = YES;
				ENABLE_PREVIEWS = YES;
				GENERATE_INFOPLIST_FILE = YES;
				"INFOPLIST_KEY_UIApplicationSceneManifest_Generation[sdk=iphoneos*]" = YES;
				"INFOPLIST_KEY_UIApplicationSceneManifest_Generation[sdk=iphonesimulator*]" = YES;
				"INFOPLIST_KEY_UIApplicationSupportsIndirectInputEvents[sdk=iphoneos*]" = YES;
				"INFOPLIST_KEY_UIApplicationSupportsIndirectInputEvents[sdk=iphonesimulator*]" = YES;
				"INFOPLIST_KEY_UILaunchScreen_Generation[sdk=iphoneos*]" = YES;
				"INFOPLIST_KEY_UILaunchScreen_Generation[sdk=iphonesimulator*]" = YES;
				"INFOPLIST_KEY_UIStatusBarStyle[sdk=iphoneos*]" = UIStatusBarStyleDefault;
				"INFOPLIST_KEY_UIStatusBarStyle[sdk=iphonesimulator*]" = UIStatusBarStyleDefault;
				INFOPLIST_KEY_UISupportedInterfaceOrientations_iPad = "UIInterfaceOrientationLandscapeLeft UIInterfaceOrientationLandscapeRight UIInterfaceOrientationPortrait UIInterfaceOrientationPortraitUpsideDown";
				IPHONEOS_DEPLOYMENT_TARGET = 17.0;
				LD_RUNPATH_SEARCH_PATHS = "@executable_path/Frameworks";
				"LD_RUNPATH_SEARCH_PATHS[sdk=macosx*]" = "@executable_path/../Frameworks";
				MACOSX_DEPLOYMENT_TARGET = 14.0;
				MARKETING_VERSION = 1.0;
				PRODUCT_BUNDLE_IDENTIFIER = site.qiuyingjian.SwiftUIBasic;
				PRODUCT_NAME = "$(TARGET_NAME)";
				SDKROOT = auto;
				SUPPORTED_PLATFORMS = "iphoneos iphonesimulator";
				SUPPORTS_MACCATALYST = NO;
				SWIFT_EMIT_LOC_STRINGS = YES;
				SWIFT_VERSION = 5.0;
				TARGETED_DEVICE_FAMILY = 1;
			};
			name = Release;
		};
/* End XCBuildConfiguration section */

/* Begin XCConfigurationList section */
		229922D32ACE73DF0073A2D6 /* Build configuration list for PBXProject "SwiftUIBasic" */ = {
			isa = XCConfigurationList;
			buildConfigurations = (
				229922E52ACE73E00073A2D6 /* Debug */,
				229922E62ACE73E00073A2D6 /* Release */,
			);
			defaultConfigurationIsVisible = 0;
			defaultConfigurationName = Release;
		};
		229922E72ACE73E00073A2D6 /* Build configuration list for PBXNativeTarget "SwiftUIBasic" */ = {
			isa = XCConfigurationList;
			buildConfigurations = (
				229922E82ACE73E00073A2D6 /* Debug */,
				229922E92ACE73E00073A2D6 /* Release */,
			);
			defaultConfigurationIsVisible = 0;
			defaultConfigurationName = Release;
		};
/* End XCConfigurationList section */
	};
	rootObject = 229922D02ACE73DF0073A2D6 /* Project object */;
}
